
Microsoft Visual Studio Solution File, Format Version 12.00
# Visual Studio Version 17
VisualStudioVersion = 17.4.33213.308
MinimumVisualStudioVersion = 10.0.40219.1
Project("{FAE04EC0-301F-11D3-BF4B-00C04F79EFBC}") = "ImageEditorTransform", "ImageEditorTransform\ImageEditorTransform.csproj", "{9C5B430A-3F38-4DB4-882F-866AB7B7B86B}"
EndProject
Global
	GlobalSection(SolutionConfigurationPlatforms) = preSolution
		Debug|Any CPU = Debug|Any CPU
		Release|Any CPU = Release|Any CPU
	EndGlobalSection
	GlobalSection(ProjectConfigurationPlatforms) = postSolution
		{9C5B430A-3F38-4DB4-882F-866AB7B7B86B}.Debug|Any CPU.ActiveCfg = Debug|Any CPU
		{9C5B430A-3F38-4DB4-882F-866AB7B7B86B}.Debug|Any CPU.Build.0 = Debug|Any CPU
		{9C5B430A-3F38-4DB4-882F-866AB7B7B86B}.Release|Any CPU.ActiveCfg = Release|Any CPU
		{9C5B430A-3F38-4DB4-882F-866AB7B7B86B}.Release|Any CPU.Build.0 = Release|Any CPU
	EndGlobalSection
	GlobalSection(SolutionProperties) = preSolution
		HideSolutionNode = FALSE
	EndGlobalSection
	GlobalSection(ExtensibilityGlobals) = postSolution
		SolutionGuid = {16C5AE1D-7159-42E4-A1B1-20CCF6FF675F}
	EndGlobalSection
EndGlobal
